
Microsoft Visual Studio Solution File, Format Version 12.00
# Visual Studio Version 17
VisualStudioVersion = 17.2.32505.173
MinimumVisualStudioVersion = 10.0.40219.1
Project("{F184B08F-C81C-45F6-A57F-5ABD9991F28F}") = "Simply.PowerShell", "Simply.PowerShell\Simply.PowerShell.vbproj", "{6FBBC289-A88C-4732-BADE-D6C0E9FC0E28}"
EndProject
Project("{F184B08F-C81C-45F6-A57F-5ABD9991F28F}") = "WinFormPS", "WinFormPS\WinFormPS.vbproj", "{80CD9A44-E548-446E-8B4E-8B403990B533}"
EndProject
Project("{2150E333-8FDC-42A3-9474-1A3956D46DE8}") = "Solution Items", "Solution Items", "{7ADEF2F7-A110-41EC-84C0-8C50B0CFB741}"
	ProjectSection(SolutionItems) = preProject
		example.cs = example.cs
	EndProjectSection
EndProject
Global
	GlobalSection(SolutionConfigurationPlatforms) = preSolution
		Debug|Any CPU = Debug|Any CPU
		Release|Any CPU = Release|Any CPU
	EndGlobalSection
	GlobalSection(ProjectConfigurationPlatforms) = postSolution
		{6FBBC289-A88C-4732-BADE-D6C0E9FC0E28}.Debug|Any CPU.ActiveCfg = Debug|Any CPU
		{6FBBC289-A88C-4732-BADE-D6C0E9FC0E28}.Debug|Any CPU.Build.0 = Debug|Any CPU
		{6FBBC289-A88C-4732-BADE-D6C0E9FC0E28}.Release|Any CPU.ActiveCfg = Release|Any CPU
		{6FBBC289-A88C-4732-BADE-D6C0E9FC0E28}.Release|Any CPU.Build.0 = Release|Any CPU
		{80CD9A44-E548-446E-8B4E-8B403990B533}.Debug|Any CPU.ActiveCfg = Debug|Any CPU
		{80CD9A44-E548-446E-8B4E-8B403990B533}.Debug|Any CPU.Build.0 = Debug|Any CPU
		{80CD9A44-E548-446E-8B4E-8B403990B533}.Release|Any CPU.ActiveCfg = Release|Any CPU
		{80CD9A44-E548-446E-8B4E-8B403990B533}.Release|Any CPU.Build.0 = Release|Any CPU
	EndGlobalSection
	GlobalSection(SolutionProperties) = preSolution
		HideSolutionNode = FALSE
	EndGlobalSection
	GlobalSection(ExtensibilityGlobals) = postSolution
		SolutionGuid = {6BF13AB4-040D-49D1-8C01-5920B9829229}
	EndGlobalSection
EndGlobal
